schema: '2.0'
stages:
  preprocess:
    cmd: python src/preprocess.py
    deps:
    - path: data/raw/adult.csv
      hash: md5
      md5: eb5e81e076437a160b2450b42d84c403
      size: 5293803
    - path: src/preprocess.py
      hash: md5
      md5: 2814c00ca67f4f7eb232f1f951c0cc55
      size: 2166
    outs:
    - path: data/processed/test.csv
      hash: md5
      md5: 876711e251c85cad31f2eabf61b3e985
      size: 5152191
    - path: data/processed/train.csv
      hash: md5
      md5: a924de78b6c7990480ddabb7de92f74f
      size: 20600612
  train:
    cmd: python src/train.py
    deps:
    - path: data/processed/train.csv
      hash: md5
      md5: a924de78b6c7990480ddabb7de92f74f
      size: 20600612
    - path: params.yaml
      hash: md5
      md5: 9eea5f0a22032863d4dd522ccffbc63d
      size: 124
    - path: src/train.py
      hash: md5
      md5: 2f06c6c305dc230fbaf9f44de2c5adf1
      size: 1192
    params:
      params.yaml:
        train:
          n_estimators: 100
          max_depth: 20
          min_samples_split: 2
          min_samples_leaf: 1
          random_state: 42
          test_size: 0.2
    outs:
    - path: metrics/train_metrics.json
      hash: md5
      md5: 246f77c2316289d641d856d18fc22dc0
      size: 36
    - path: models/model.pkl
      hash: md5
      md5: 12a92485fdcb356cb02f60f791078e76
      size: 32596057
  evaluate:
    cmd: python src/evaluate.py
    deps:
    - path: data/processed/test.csv
      hash: md5
      md5: 876711e251c85cad31f2eabf61b3e985
      size: 5152191
    - path: models/model.pkl
      hash: md5
      md5: 12a92485fdcb356cb02f60f791078e76
      size: 32596057
    - path: src/evaluate.py
      hash: md5
      md5: b7cf020a709b40925268a529e37f7c81
      size: 1320
    outs:
    - path: metrics/eval_metrics.json
      hash: md5
      md5: e76523995a182a2699dfd46bbcc04c0b
      size: 137
  permutation_importance:
    cmd: python src/permutation_importance.py
    deps:
    - path: data/processed/test.csv
      hash: md5
      md5: 876711e251c85cad31f2eabf61b3e985
      size: 5152191
    - path: models/model.pkl
      hash: md5
      md5: 90152a8c308b37ee81cfacbe5fdc96fe
      size: 86191257
    - path: src/permutation_importance.py
      hash: md5
      md5: f0bac9d907439ae8f40e043ec58c00d1
      size: 991
    outs:
    - path: metrics/permutation_importance.json
      hash: md5
      md5: 801abb7e9ea90d89ab840c2a78ca8bfe
      size: 8074
